
Microsoft Visual Studio Solution File, Format Version 12.00
# Visual Studio Version 16
VisualStudioVersion = 16.0.33214.272
MinimumVisualStudioVersion = 10.0.40219.1
Project("{FAE04EC0-301F-11D3-BF4B-00C04F79EFBC}") = "Client", "Client\Client.csproj", "{B9E9AD1A-AB00-4165-B0B2-B714A56A557F}"
EndProject
Project("{FAE04EC0-301F-11D3-BF4B-00C04F79EFBC}") = "Server", "Server\Server.csproj", "{4EE9E7CF-E0D2-4B69-AA8B-246E7DB88146}"
EndProject
Project("{FAE04EC0-301F-11D3-BF4B-00C04F79EFBC}") = "Core", "Core\Core.csproj", "{1E15F87B-7BC8-48D2-93A4-7AE7B2E84B38}"
EndProject
Global
	GlobalSection(SolutionConfigurationPlatforms) = preSolution
		Debug|Any CPU = Debug|Any CPU
		Release|Any CPU = Release|Any CPU
	EndGlobalSection
	GlobalSection(ProjectConfigurationPlatforms) = postSolution
		{B9E9AD1A-AB00-4165-B0B2-B714A56A557F}.Debug|Any CPU.ActiveCfg = Debug|Any CPU
		{B9E9AD1A-AB00-4165-B0B2-B714A56A557F}.Debug|Any CPU.Build.0 = Debug|Any CPU
		{B9E9AD1A-AB00-4165-B0B2-B714A56A557F}.Release|Any CPU.ActiveCfg = Release|Any CPU
		{B9E9AD1A-AB00-4165-B0B2-B714A56A557F}.Release|Any CPU.Build.0 = Release|Any CPU
		{4EE9E7CF-E0D2-4B69-AA8B-246E7DB88146}.Debug|Any CPU.ActiveCfg = Debug|Any CPU
		{4EE9E7CF-E0D2-4B69-AA8B-246E7DB88146}.Debug|Any CPU.Build.0 = Debug|Any CPU
		{4EE9E7CF-E0D2-4B69-AA8B-246E7DB88146}.Release|Any CPU.ActiveCfg = Release|Any CPU
		{4EE9E7CF-E0D2-4B69-AA8B-246E7DB88146}.Release|Any CPU.Build.0 = Release|Any CPU
		{1E15F87B-7BC8-48D2-93A4-7AE7B2E84B38}.Debug|Any CPU.ActiveCfg = Debug|Any CPU
		{1E15F87B-7BC8-48D2-93A4-7AE7B2E84B38}.Debug|Any CPU.Build.0 = Debug|Any CPU
		{1E15F87B-7BC8-48D2-93A4-7AE7B2E84B38}.Release|Any CPU.ActiveCfg = Release|Any CPU
		{1E15F87B-7BC8-48D2-93A4-7AE7B2E84B38}.Release|Any CPU.Build.0 = Release|Any CPU
	EndGlobalSection
	GlobalSection(SolutionProperties) = preSolution
		HideSolutionNode = FALSE
	EndGlobalSection
	GlobalSection(ExtensibilityGlobals) = postSolution
		SolutionGuid = {21959FEF-3432-4FCF-8B84-B0CE36ECDDEB}
	EndGlobalSection
EndGlobal
